
Microsoft Visual Studio Solution File, Format Version 12.00
# Visual Studio Version 17
VisualStudioVersion = 17.13.35806.99 d17.13
MinimumVisualStudioVersion = 10.0.40219.1
Project("{FAE04EC0-301F-11D3-BF4B-00C04F79EFBC}") = "Task_8", "Task_8\Task_8.csproj", "{264DCF57-BAAA-4669-8C34-BEC0C59619D7}"
EndProject
Global
	GlobalSection(SolutionConfigurationPlatforms) = preSolution
		Debug|Any CPU = Debug|Any CPU
		Release|Any CPU = Release|Any CPU
	EndGlobalSection
	GlobalSection(ProjectConfigurationPlatforms) = postSolution
		{264DCF57-BAAA-4669-8C34-BEC0C59619D7}.Debug|Any CPU.ActiveCfg = Debug|Any CPU
		{264DCF57-BAAA-4669-8C34-BEC0C59619D7}.Debug|Any CPU.Build.0 = Debug|Any CPU
		{264DCF57-BAAA-4669-8C34-BEC0C59619D7}.Release|Any CPU.ActiveCfg = Release|Any CPU
		{264DCF57-BAAA-4669-8C34-BEC0C59619D7}.Release|Any CPU.Build.0 = Release|Any CPU
	EndGlobalSection
	GlobalSection(SolutionProperties) = preSolution
		HideSolutionNode = FALSE
	EndGlobalSection
	GlobalSection(ExtensibilityGlobals) = postSolution
		SolutionGuid = {95C9D5A9-67E2-44AF-BE4B-96687DA4B856}
	EndGlobalSection
EndGlobal
