
Microsoft Visual Studio Solution File, Format Version 12.00
# Visual Studio Version 17
VisualStudioVersion = 17.13.35806.99 d17.13
MinimumVisualStudioVersion = 10.0.40219.1
Project("{FAE04EC0-301F-11D3-BF4B-00C04F79EFBC}") = "EmployeeManagement", "EmployeeManagement\EmployeeManagement.csproj", "{98C9EAF7-402F-4AA1-AC1F-3F12B91B38CE}"
EndProject
Global
	GlobalSection(SolutionConfigurationPlatforms) = preSolution
		Debug|Any CPU = Debug|Any CPU
		Release|Any CPU = Release|Any CPU
	EndGlobalSection
	GlobalSection(ProjectConfigurationPlatforms) = postSolution
		{98C9EAF7-402F-4AA1-AC1F-3F12B91B38CE}.Debug|Any CPU.ActiveCfg = Debug|Any CPU
		{98C9EAF7-402F-4AA1-AC1F-3F12B91B38CE}.Debug|Any CPU.Build.0 = Debug|Any CPU
		{98C9EAF7-402F-4AA1-AC1F-3F12B91B38CE}.Release|Any CPU.ActiveCfg = Release|Any CPU
		{98C9EAF7-402F-4AA1-AC1F-3F12B91B38CE}.Release|Any CPU.Build.0 = Release|Any CPU
	EndGlobalSection
	GlobalSection(SolutionProperties) = preSolution
		HideSolutionNode = FALSE
	EndGlobalSection
	GlobalSection(ExtensibilityGlobals) = postSolution
		SolutionGuid = {0583F7D8-8355-4AC3-8470-058E646E36F5}
	EndGlobalSection
EndGlobal
